
Microsoft Visual Studio Solution File, Format Version 12.00
# Visual Studio Version 17
VisualStudioVersion = 17.11.35327.3
MinimumVisualStudioVersion = 10.0.40219.1
Project("{FAE04EC0-301F-11D3-BF4B-00C04F79EFBC}") = "itemdetails", "itemdetails\itemdetails.csproj", "{A9E3DD9E-B6A3-4626-A61A-A5E57E5D4C7A}"
EndProject
Global
	GlobalSection(SolutionConfigurationPlatforms) = preSolution
		Debug|Any CPU = Debug|Any CPU
		Release|Any CPU = Release|Any CPU
	EndGlobalSection
	GlobalSection(ProjectConfigurationPlatforms) = postSolution
		{A9E3DD9E-B6A3-4626-A61A-A5E57E5D4C7A}.Debug|Any CPU.ActiveCfg = Debug|Any CPU
		{A9E3DD9E-B6A3-4626-A61A-A5E57E5D4C7A}.Debug|Any CPU.Build.0 = Debug|Any CPU
		{A9E3DD9E-B6A3-4626-A61A-A5E57E5D4C7A}.Release|Any CPU.ActiveCfg = Release|Any CPU
		{A9E3DD9E-B6A3-4626-A61A-A5E57E5D4C7A}.Release|Any CPU.Build.0 = Release|Any CPU
	EndGlobalSection
	GlobalSection(SolutionProperties) = preSolution
		HideSolutionNode = FALSE
	EndGlobalSection
	GlobalSection(ExtensibilityGlobals) = postSolution
		SolutionGuid = {43BD75DF-940B-4630-9E78-CFE81955A235}
	EndGlobalSection
EndGlobal
